<?xml version="1.0" encoding="utf-8"?>
<Project ToolsVersion="4.0" xmlns="http://schemas.microsoft.com/developer/msbuild/2003">
  <ItemGroup>
    <Filter Include="Source">
      <UniqueIdentifier>{f9377846-9d53-4732-9018-2ab63b7ced28}</UniqueIdentifier>
    </Filter>
    <Filter Include="Source\Application">
      <UniqueIdentifier>{58792417-3ab6-4304-81b2-54eb8447dbbb}</UniqueIdentifier>
    </Filter>
    <Filter Include="Source\Renderer">
      <UniqueIdentifier>{ecc6af7c-b2c2-4403-9160-4ae59faf91b3}</UniqueIdentifier>
    </Filter>
    <Filter Include="Source\Utility">
      <UniqueIdentifier>{0a99389f-a459-4c32-926c-ad2eb7d9f0c1}</UniqueIdentifier>
    </Filter>
    <Filter Include="Source\Window">
      <UniqueIdentifier>{e1a6a520-2a0b-468b-8ccd-84b11998ce5a}</UniqueIdentifier>
    </Filter>
    <Filter Include="Source\Resource">
      <UniqueIdentifier>{9f77aba6-6a7d-4ca2-8baa-ddb96317ed1e}</UniqueIdentifier>
    </Filter>
    <Filter Include="Source\Model">
      <UniqueIdentifier>{4e8f87b0-afd6-429b-944d-ab81f8af6631}</UniqueIdentifier>
    </Filter>
    <Filter Include="Source\Camera">
      <UniqueIdentifier>{e7d53162-e83f-4bf1-943d-d911479a460a}</UniqueIdentifier>
    </Filter>
    <Filter Include="Source\Texture">
      <UniqueIdentifier>{35820c58-4e92-41f3-9fa8-ce3c54fb8c60}</UniqueIdentifier>
    </Filter>
    <Filter Include="Bin">
      <UniqueIdentifier>{87f79c15-4d77-4a14-8224-47a88e33aa94}</UniqueIdentifier>
    </Filter>
    <Filter Include="Bin\Shader">
      <UniqueIdentifier>{6e80e0f5-0e51-4698-8c3b-3fc51fa54b1c}</UniqueIdentifier>
    </Filter>
    <Filter Include="Bin\Shader\Basic">
      <UniqueIdentifier>{ecf856ab-4b11-4e90-97b9-1ca7f791547b}</UniqueIdentifier>
    </Filter>
    <Filter Include="Source\Chunk">
      <UniqueIdentifier>{816ce04c-b047-4455-8a3a-5607d3604505}</UniqueIdentifier>
    </Filter>
    <Filter Include="Source\Block">
      <UniqueIdentifier>{6c741582-2646-4fe8-8509-7f3233d075a1}</UniqueIdentifier>
    </Filter>
  </ItemGroup>
  <ItemGroup>
    <ClCompile Include="..\Source\Main.cpp">
      <Filter>Source</Filter>
    </ClCompile>
    <ClCompile Include="..\Source\Window\Window.cpp">
      <Filter>Source\Window</Filter>
    </ClCompile>
    <ClCompile Include="..\Source\Application\Application.cpp">
      <Filter>Source\Application</Filter>
    </ClCompile>
    <ClCompile Include="..\Source\Renderer\BasicRenderer.cpp">
      <Filter>Source\Renderer</Filter>
    </ClCompile>
    <ClCompile Include="..\Source\Utility\HelperFunctions.cpp">
      <Filter>Source\Utility</Filter>
    </ClCompile>
    <ClCompile Include="..\Source\Model\Model.cpp">
      <Filter>Source\Model</Filter>
    </ClCompile>
    <ClCompile Include="..\Source\Camera\Camera.cpp">
      <Filter>Source\Camera</Filter>
    </ClCompile>
    <ClCompile Include="..\Source\Texture\Texture2D.cpp">
      <Filter>Source\Texture</Filter>
    </ClCompile>
    <ClCompile Include="..\Source\Texture\TextureFile.cpp">
      <Filter>Source\Texture</Filter>
    </ClCompile>
    <ClCompile Include="..\Source\Model\BasicCube.cpp">
      <Filter>Source\Model</Filter>
    </ClCompile>
    <ClCompile Include="..\Source\Model\BasicModel.cpp">
      <Filter>Source\Model</Filter>
    </ClCompile>
    <ClCompile Include="..\Source\Chunk\ChunkSection.cpp">
      <Filter>Source\Chunk</Filter>
    </ClCompile>
    <ClCompile Include="..\Source\Chunk\Chunk.cpp">
      <Filter>Source\Chunk</Filter>
    </ClCompile>
    <ClCompile Include="..\Source\Chunk\ChunkLoader.cpp">
      <Filter>Source\Chunk</Filter>
    </ClCompile>
    <ClCompile Include="..\Source\Chunk\ChunkManager.cpp">
      <Filter>Source\Chunk</Filter>
    </ClCompile>
    <ClCompile Include="..\Source\Chunk\ChunkModelGenerator.cpp">
      <Filter>Source\Chunk</Filter>
    </ClCompile>
    <ClCompile Include="..\Source\Block\BlockInfoManager.cpp">
      <Filter>Source\Block</Filter>
    </ClCompile>
    <ClCompile Include="..\Source\Utility\ConfigFile.cpp">
      <Filter>Source\Utility</Filter>
    </ClCompile>
  </ItemGroup>
  <ItemGroup>
    <ClInclude Include="..\Source\Application\Application.h">
      <Filter>Source\Application</Filter>
    </ClInclude>
    <ClInclude Include="..\Source\Renderer\BasicRenderer.h">
      <Filter>Source\Renderer</Filter>
    </ClInclude>
    <ClInclude Include="..\Source\Utility\Singleton.h">
      <Filter>Source\Utility</Filter>
    </ClInclude>
    <ClInclude Include="..\Source\Window\Window.h">
      <Filter>Source\Window</Filter>
    </ClInclude>
    <ClInclude Include="..\Source\Utility\D3D11Header.h">
      <Filter>Source\Utility</Filter>
    </ClInclude>
    <ClInclude Include="..\Source\Utility\HelperFunctions.h">
      <Filter>Source\Utility</Filter>
    </ClInclude>
    <ClInclude Include="..\Source\Resource\ResourceName.h">
      <Filter>Source\Resource</Filter>
    </ClInclude>
    <ClInclude Include="..\Source\Utility\Uncopiable.h">
      <Filter>Source\Utility</Filter>
    </ClInclude>
    <ClInclude Include="..\Source\Model\Model.h">
      <Filter>Source\Model</Filter>
    </ClInclude>
    <ClInclude Include="..\Source\Camera\Camera.h">
      <Filter>Source\Camera</Filter>
    </ClInclude>
    <ClInclude Include="..\Source\Texture\Texture2D.h">
      <Filter>Source\Texture</Filter>
    </ClInclude>
    <ClInclude Include="..\Source\Texture\TextureFile.h">
      <Filter>Source\Texture</Filter>
    </ClInclude>
    <ClInclude Include="..\Source\Model\BasicCube.h">
      <Filter>Source\Model</Filter>
    </ClInclude>
    <ClInclude Include="..\Source\Chunk\ChunkSection.h">
      <Filter>Source\Chunk</Filter>
    </ClInclude>
    <ClInclude Include="..\Source\Model\BasicModel.h">
      <Filter>Source\Model</Filter>
    </ClInclude>
    <ClInclude Include="..\Source\Chunk\Chunk.h">
      <Filter>Source\Chunk</Filter>
    </ClInclude>
    <ClInclude Include="..\Source\Chunk\ChunkLoader.h">
      <Filter>Source\Chunk</Filter>
    </ClInclude>
    <ClInclude Include="..\Source\Chunk\ChunkManager.h">
      <Filter>Source\Chunk</Filter>
    </ClInclude>
    <ClInclude Include="..\Source\Utility\Math.h">
      <Filter>Source\Utility</Filter>
    </ClInclude>
    <ClInclude Include="..\Source\Renderer\RenderQueue.h">
      <Filter>Source\Renderer</Filter>
    </ClInclude>
    <ClInclude Include="..\Source\Chunk\ChunkModelGenerator.h">
      <Filter>Source\Chunk</Filter>
    </ClInclude>
    <ClInclude Include="..\Source\Block\Block.h">
      <Filter>Source\Block</Filter>
    </ClInclude>
    <ClInclude Include="..\Source\Block\BlockInfo.h">
      <Filter>Source\Block</Filter>
    </ClInclude>
    <ClInclude Include="..\Source\Block\BlockInfoManager.h">
      <Filter>Source\Block</Filter>
    </ClInclude>
    <ClInclude Include="..\Source\Utility\ConfigFile.h">
      <Filter>Source\Utility</Filter>
    </ClInclude>
  </ItemGroup>
  <ItemGroup>
    <None Include="packages.config" />
    <None Include="Bin\Shader\Basic\pixel.hlsl">
      <Filter>Bin\Shader\Basic</Filter>
    </None>
    <None Include="Bin\Shader\Basic\vertex.hlsl">
      <Filter>Bin\Shader\Basic</Filter>
    </None>
  </ItemGroup>
</Project>