<?xml version="1.0" encoding="utf-8"?>
<Project ToolsVersion="4.0" xmlns="http://schemas.microsoft.com/developer/msbuild/2003">
  <ItemGroup>
    <Filter Include="Source">
      <UniqueIdentifier>{f9377846-9d53-4732-9018-2ab63b7ced28}</UniqueIdentifier>
    </Filter>
    <Filter Include="Bin">
      <UniqueIdentifier>{87f79c15-4d77-4a14-8224-47a88e33aa94}</UniqueIdentifier>
    </Filter>
    <Filter Include="Bin\Shader">
      <UniqueIdentifier>{6e80e0f5-0e51-4698-8c3b-3fc51fa54b1c}</UniqueIdentifier>
    </Filter>
    <Filter Include="Bin\Shader\Basic">
      <UniqueIdentifier>{ecf856ab-4b11-4e90-97b9-1ca7f791547b}</UniqueIdentifier>
    </Filter>
    <Filter Include="Bin\Texture">
      <UniqueIdentifier>{c2ce8c1f-53fe-45eb-8ef3-53c2421c3cd3}</UniqueIdentifier>
    </Filter>
    <Filter Include="Bin\Texture\Basic">
      <UniqueIdentifier>{82f41e81-346b-4a4d-a0cd-891e874c5a98}</UniqueIdentifier>
    </Filter>
    <Filter Include="Bin\Shader\Carve">
      <UniqueIdentifier>{6b0acb63-3c56-4c0f-a23d-d8355f6f0223}</UniqueIdentifier>
    </Filter>
    <Filter Include="Bin\Shader\ImmediateScreen2D">
      <UniqueIdentifier>{1475c630-543d-4b9b-9490-e57b7d980265}</UniqueIdentifier>
    </Filter>
    <Filter Include="Bin\Texture\Crosshair">
      <UniqueIdentifier>{add654a7-890c-4c37-b74e-ef78b54a43da}</UniqueIdentifier>
    </Filter>
    <Filter Include="Bin\Texture\Carve">
      <UniqueIdentifier>{62a191b3-2ef8-4d49-9ddd-d49fe6fcb583}</UniqueIdentifier>
    </Filter>
    <Filter Include="Bin\Shader\Actor">
      <UniqueIdentifier>{f53e06fc-c517-4c37-84df-35984682ec9d}</UniqueIdentifier>
    </Filter>
    <Filter Include="Source\Application">
      <UniqueIdentifier>{ec62d184-9f4d-45ba-8e10-ecf8e8f9a82b}</UniqueIdentifier>
    </Filter>
    <Filter Include="Source\D3DObject">
      <UniqueIdentifier>{ea46b0e7-93a9-4f40-aa52-a69fd866b74a}</UniqueIdentifier>
    </Filter>
    <Filter Include="Source\Input">
      <UniqueIdentifier>{7b508d1c-6eff-45d0-9f54-9ff52056191f}</UniqueIdentifier>
    </Filter>
    <Filter Include="Source\Resource">
      <UniqueIdentifier>{47095787-f38c-4cd9-843f-50fcd4f99dc5}</UniqueIdentifier>
    </Filter>
    <Filter Include="Source\Screen">
      <UniqueIdentifier>{1434a31d-9782-45a2-a29a-ca8c2eeb669c}</UniqueIdentifier>
    </Filter>
    <Filter Include="Source\Texture">
      <UniqueIdentifier>{ef9f721f-5afb-4431-8eb8-6cd0d228efb1}</UniqueIdentifier>
    </Filter>
    <Filter Include="Source\Window">
      <UniqueIdentifier>{bbfb070e-e1be-4a28-a32b-4c5b7a8b6fc7}</UniqueIdentifier>
    </Filter>
    <Filter Include="Source\World">
      <UniqueIdentifier>{662e011e-2d8c-4b55-b961-1435a5608ec9}</UniqueIdentifier>
    </Filter>
    <Filter Include="Bin\Model">
      <UniqueIdentifier>{93908a4c-a405-4cb8-9950-26e51368d085}</UniqueIdentifier>
    </Filter>
    <Filter Include="Bin\Model\Actor">
      <UniqueIdentifier>{3a554125-5be0-4056-90d2-2a2384951c57}</UniqueIdentifier>
    </Filter>
    <Filter Include="Source\Application\MainMenu">
      <UniqueIdentifier>{bea0cfa6-fb03-4fba-88ec-82acf0d1ad71}</UniqueIdentifier>
    </Filter>
    <Filter Include="Source\Screen\imgui">
      <UniqueIdentifier>{dc4fa641-ca7a-48a8-91e0-bf74cb6f497f}</UniqueIdentifier>
    </Filter>
    <Filter Include="Bin\Font">
      <UniqueIdentifier>{5cc5920d-d2c7-4bb6-a03e-d0221eb2d486}</UniqueIdentifier>
    </Filter>
    <Filter Include="Source\Application\Game">
      <UniqueIdentifier>{e9deea23-96f8-4bb9-adc3-0322d4508703}</UniqueIdentifier>
    </Filter>
    <Filter Include="Source\World\Actor">
      <UniqueIdentifier>{8ecb3b1a-f261-4061-ae02-7d9ad8df9e79}</UniqueIdentifier>
    </Filter>
    <Filter Include="Source\World\Actor\Camera">
      <UniqueIdentifier>{976d8496-6e2e-4c8b-95bf-208fbb62de08}</UniqueIdentifier>
    </Filter>
    <Filter Include="Source\World\Block">
      <UniqueIdentifier>{21ff525b-07cf-475a-a169-6a28e0c7534e}</UniqueIdentifier>
    </Filter>
    <Filter Include="Source\World\Chunk">
      <UniqueIdentifier>{03d810a7-ff5a-47af-bd34-a2f6f637db34}</UniqueIdentifier>
    </Filter>
    <Filter Include="Source\World\Chunk\Renderer">
      <UniqueIdentifier>{41d54c10-aad4-4b65-8d95-ab4a23056489}</UniqueIdentifier>
    </Filter>
    <Filter Include="Source\World\Chunk\Model">
      <UniqueIdentifier>{d667bc50-4c30-410f-b222-b0dc280ca736}</UniqueIdentifier>
    </Filter>
    <Filter Include="Source\World\Collision">
      <UniqueIdentifier>{2761e13a-c394-4976-bcc8-efaa3a2c9425}</UniqueIdentifier>
    </Filter>
    <Filter Include="Source\World\LandGen">
      <UniqueIdentifier>{84f9861c-afc1-4dfa-9aad-3cc5f6aaddd4}</UniqueIdentifier>
    </Filter>
    <Filter Include="Source\World\LandGen\V0">
      <UniqueIdentifier>{547db637-2dd2-4577-ae79-adceb172e950}</UniqueIdentifier>
    </Filter>
    <Filter Include="Source\World\LandGen\V1">
      <UniqueIdentifier>{d94c17c7-0259-4f5f-a4b2-6c96b0045d96}</UniqueIdentifier>
    </Filter>
    <Filter Include="Source\World\LandGen\V2">
      <UniqueIdentifier>{18e9eb5c-908b-4632-957c-f619b48bbb8d}</UniqueIdentifier>
    </Filter>
    <Filter Include="Source\VoxelModel">
      <UniqueIdentifier>{6b428c2b-f571-4c88-a343-0494f2d61c0f}</UniqueIdentifier>
    </Filter>
    <Filter Include="Bin\Shader\VoxelModel">
      <UniqueIdentifier>{2856ad3c-0cb4-45bf-8bf2-f8efb49e9a6c}</UniqueIdentifier>
    </Filter>
    <Filter Include="Source\Application\VoxelModelEditor">
      <UniqueIdentifier>{a084131a-ae8f-4952-8f13-ba13626f86c9}</UniqueIdentifier>
    </Filter>
  </ItemGroup>
  <ItemGroup>
    <None Include="Bin\Shader\Basic\pixel.hlsl">
      <Filter>Bin\Shader\Basic</Filter>
    </None>
    <None Include="Bin\Shader\Basic\vertex.hlsl">
      <Filter>Bin\Shader\Basic</Filter>
    </None>
    <None Include="Bin\Shader\Carve\pixel.hlsl">
      <Filter>Bin\Shader\Carve</Filter>
    </None>
    <None Include="Bin\Shader\Carve\vertex.hlsl">
      <Filter>Bin\Shader\Carve</Filter>
    </None>
    <None Include="Bin\Shader\ImmediateScreen2D\normalVertex.hlsl">
      <Filter>Bin\Shader\ImmediateScreen2D</Filter>
    </None>
    <None Include="Bin\Shader\ImmediateScreen2D\normalPixel.hlsl">
      <Filter>Bin\Shader\ImmediateScreen2D</Filter>
    </None>
    <None Include="..\ReadMe.md" />
    <None Include="Bin\Shader\Actor\pixel.hlsl">
      <Filter>Bin\Shader\Actor</Filter>
    </None>
    <None Include="Bin\Shader\Actor\vertex.hlsl">
      <Filter>Bin\Shader\Actor</Filter>
    </None>
    <None Include="Bin\Model\Actor\head.obj">
      <Filter>Bin\Model\Actor</Filter>
    </None>
    <None Include="Bin\Model\Actor\rightHand.obj">
      <Filter>Bin\Model\Actor</Filter>
    </None>
    <None Include="Bin\Model\Actor\rightFoot.obj">
      <Filter>Bin\Model\Actor</Filter>
    </None>
    <None Include="Bin\Model\Actor\leftHand.obj">
      <Filter>Bin\Model\Actor</Filter>
    </None>
    <None Include="Bin\Model\Actor\leftFoot.obj">
      <Filter>Bin\Model\Actor</Filter>
    </None>
    <None Include="Bin\Model\Actor\body.obj">
      <Filter>Bin\Model\Actor</Filter>
    </None>
    <None Include="resource.txt" />
    <None Include="Bin\Shader\VoxelModel\aniDisplayerVertexShader.hlsl">
      <Filter>Bin\Shader\VoxelModel</Filter>
    </None>
    <None Include="Bin\Shader\VoxelModel\aniDisplayerPixelShader.hlsl">
      <Filter>Bin\Shader\VoxelModel</Filter>
    </None>
  </ItemGroup>
  <ItemGroup>
    <Image Include="Bin\Texture\Basic\0.png">
      <Filter>Bin\Texture\Basic</Filter>
    </Image>
    <Image Include="Bin\Texture\Carve\0.png">
      <Filter>Bin\Texture\Carve</Filter>
    </Image>
    <Image Include="Bin\Texture\Crosshair\cross.png">
      <Filter>Bin\Texture\Crosshair</Filter>
    </Image>
  </ItemGroup>
  <ItemGroup>
    <Text Include="..\Source\VoxelWorld\Screen\imgui\LICENSE.txt">
      <Filter>Source\Screen\imgui</Filter>
    </Text>
    <Text Include="config.txt" />
  </ItemGroup>
  <ItemGroup>
    <ClCompile Include="..\Source\VoxelWorld\Actor\ActorModel.cpp">
      <Filter>Source\World\Actor</Filter>
    </ClCompile>
    <ClCompile Include="..\Source\VoxelWorld\Block\BlockInfoManager.cpp">
      <Filter>Source\World\Block</Filter>
    </ClCompile>
    <ClCompile Include="..\Source\VoxelWorld\Block\BlockModelBuilder.cpp">
      <Filter>Source\World\Block</Filter>
    </ClCompile>
    <ClCompile Include="..\Source\VoxelWorld\D3DObject\BlendState.cpp">
      <Filter>Source\D3DObject</Filter>
    </ClCompile>
    <ClCompile Include="..\Source\VoxelWorld\D3DObject\DepthStencilState.cpp">
      <Filter>Source\D3DObject</Filter>
    </ClCompile>
    <ClCompile Include="..\Source\VoxelWorld\D3DObject\RasterState.cpp">
      <Filter>Source\D3DObject</Filter>
    </ClCompile>
    <ClCompile Include="..\Source\VoxelWorld\D3DObject\Sampler.cpp">
      <Filter>Source\D3DObject</Filter>
    </ClCompile>
    <ClCompile Include="..\Source\VoxelWorld\Input\InputManager.cpp">
      <Filter>Source\Input</Filter>
    </ClCompile>
    <ClCompile Include="..\Source\VoxelWorld\Land\OakGenerator_V0.cpp">
      <Filter>Source\World\LandGen\V0</Filter>
    </ClCompile>
    <ClCompile Include="..\Source\VoxelWorld\Land\LandGenerator_V0.cpp">
      <Filter>Source\World\LandGen\V0</Filter>
    </ClCompile>
    <ClCompile Include="..\Source\VoxelWorld\Land\V1\Biome.cpp">
      <Filter>Source\World\LandGen\V1</Filter>
    </ClCompile>
    <ClCompile Include="..\Source\VoxelWorld\Land\V1\LandGenerator.cpp">
      <Filter>Source\World\LandGen\V1</Filter>
    </ClCompile>
    <ClCompile Include="..\Source\VoxelWorld\Land\V1\PalmGenerator.cpp">
      <Filter>Source\World\LandGen\V1</Filter>
    </ClCompile>
    <ClCompile Include="..\Source\VoxelWorld\Land\V2\Area_V2.cpp">
      <Filter>Source\World\LandGen\V2</Filter>
    </ClCompile>
    <ClCompile Include="..\Source\VoxelWorld\Land\V2\LandGenerator_V2.cpp">
      <Filter>Source\World\LandGen\V2</Filter>
    </ClCompile>
    <ClCompile Include="..\Source\VoxelWorld\Screen\Crosshair.cpp">
      <Filter>Source\Screen</Filter>
    </ClCompile>
    <ClCompile Include="..\Source\VoxelWorld\Screen\ImmediateScreen2D.cpp">
      <Filter>Source\Screen</Filter>
    </ClCompile>
    <ClCompile Include="..\Source\VoxelWorld\Texture\Texture2D.cpp">
      <Filter>Source\Texture</Filter>
    </ClCompile>
    <ClCompile Include="..\Source\VoxelWorld\Texture\TextureFile.cpp">
      <Filter>Source\Texture</Filter>
    </ClCompile>
    <ClCompile Include="..\Source\VoxelWorld\Window\Window.cpp">
      <Filter>Source\Window</Filter>
    </ClCompile>
    <ClCompile Include="..\Source\VoxelWorld\World\World.cpp">
      <Filter>Source\World</Filter>
    </ClCompile>
    <ClCompile Include="..\Source\VoxelWorld\Main.cpp">
      <Filter>Source</Filter>
    </ClCompile>
    <ClCompile Include="..\Source\VoxelWorld\Actor\Camera.cpp">
      <Filter>Source\World\Actor\Camera</Filter>
    </ClCompile>
    <ClCompile Include="..\Source\VoxelWorld\Actor\Actor.cpp">
      <Filter>Source\World\Actor</Filter>
    </ClCompile>
    <ClCompile Include="..\Source\VoxelWorld\Chunk\BasicRenderer.cpp">
      <Filter>Source\World\Chunk\Renderer</Filter>
    </ClCompile>
    <ClCompile Include="..\Source\VoxelWorld\Chunk\CarveRenderer.cpp">
      <Filter>Source\World\Chunk\Renderer</Filter>
    </ClCompile>
    <ClCompile Include="..\Source\VoxelWorld\Chunk\LiquidRenderer.cpp">
      <Filter>Source\World\Chunk\Renderer</Filter>
    </ClCompile>
    <ClCompile Include="..\Source\VoxelWorld\Chunk\BasicModel.cpp">
      <Filter>Source\World\Chunk\Model</Filter>
    </ClCompile>
    <ClCompile Include="..\Source\VoxelWorld\Chunk\Model.cpp">
      <Filter>Source\World\Chunk\Model</Filter>
    </ClCompile>
    <ClCompile Include="..\Source\VoxelWorld\Chunk\Chunk.cpp">
      <Filter>Source\World\Chunk</Filter>
    </ClCompile>
    <ClCompile Include="..\Source\VoxelWorld\Chunk\ChunkDataPool.cpp">
      <Filter>Source\World\Chunk</Filter>
    </ClCompile>
    <ClCompile Include="..\Source\VoxelWorld\Chunk\ChunkLoader.cpp">
      <Filter>Source\World\Chunk</Filter>
    </ClCompile>
    <ClCompile Include="..\Source\VoxelWorld\Chunk\ChunkManager.cpp">
      <Filter>Source\World\Chunk</Filter>
    </ClCompile>
    <ClCompile Include="..\Source\VoxelWorld\Chunk\ChunkModelBuilder.cpp">
      <Filter>Source\World\Chunk</Filter>
    </ClCompile>
    <ClCompile Include="..\Source\VoxelWorld\Chunk\ChunkTraversal.cpp">
      <Filter>Source\World\Chunk</Filter>
    </ClCompile>
    <ClCompile Include="..\Source\VoxelWorld\Screen\GUISystem.cpp">
      <Filter>Source\Screen</Filter>
    </ClCompile>
    <ClCompile Include="..\Source\VoxelWorld\Screen\imgui\imgui_impl_dx11.cpp">
      <Filter>Source\Screen\imgui</Filter>
    </ClCompile>
    <ClCompile Include="..\Source\VoxelWorld\Screen\imgui\imgui.cpp">
      <Filter>Source\Screen\imgui</Filter>
    </ClCompile>
    <ClCompile Include="..\Source\VoxelWorld\Screen\imgui\imgui_demo.cpp">
      <Filter>Source\Screen\imgui</Filter>
    </ClCompile>
    <ClCompile Include="..\Source\VoxelWorld\Screen\imgui\imgui_draw.cpp">
      <Filter>Source\Screen\imgui</Filter>
    </ClCompile>
    <ClCompile Include="..\Source\VoxelWorld\Application\Common.cpp">
      <Filter>Source\Application</Filter>
    </ClCompile>
    <ClCompile Include="..\Source\VoxelWorld\Application\Game\ChunkRendererManager.cpp">
      <Filter>Source\Application\Game</Filter>
    </ClCompile>
    <ClCompile Include="..\Source\VoxelWorld\Application\Game\Game.cpp">
      <Filter>Source\Application\Game</Filter>
    </ClCompile>
    <ClCompile Include="..\Source\VoxelWorld\Application\Application.cpp">
      <Filter>Source\Application</Filter>
    </ClCompile>
    <ClCompile Include="..\Source\VoxelWorld\Application\MainMenu\MainMenu.cpp">
      <Filter>Source\Application\MainMenu</Filter>
    </ClCompile>
    <ClCompile Include="..\Source\VoxelWorld\Resource\ResourceNameManager.cpp">
      <Filter>Source\Resource</Filter>
    </ClCompile>
    <ClCompile Include="..\Source\VoxelWorld\VoxelModel\VoxelModel.cpp">
      <Filter>Source\VoxelModel</Filter>
    </ClCompile>
    <ClCompile Include="..\Source\VoxelWorld\VoxelModel\VoxelModelAnimationDisplayer.cpp">
      <Filter>Source\VoxelModel</Filter>
    </ClCompile>
    <ClCompile Include="..\Source\VoxelWorld\Application\VoxelModelEditor\VoxelModelEditor.cpp">
      <Filter>Source\Application\VoxelModelEditor</Filter>
    </ClCompile>
    <ClCompile Include="..\Source\VoxelWorld\Application\VoxelModelEditor\VoxelModelEditorConsole.cpp">
      <Filter>Source\Application\VoxelModelEditor</Filter>
    </ClCompile>
    <ClCompile Include="..\Source\VoxelWorld\Application\VoxelModelEditor\VoxelModelEditorView.cpp">
      <Filter>Source\Application\VoxelModelEditor</Filter>
    </ClCompile>
    <ClCompile Include="..\Source\VoxelWorld\Application\VoxelModelEditor\VoxelModelEditorCommand.cpp">
      <Filter>Source\Application\VoxelModelEditor</Filter>
    </ClCompile>
    <ClCompile Include="..\Source\VoxelWorld\Application\VoxelModelEditor\VoxelModelEditorCore.cpp">
      <Filter>Source\Application\VoxelModelEditor</Filter>
    </ClCompile>
    <ClCompile Include="..\Source\VoxelWorld\D3DObject\FrameBuffer.cpp">
      <Filter>Source\D3DObject</Filter>
    </ClCompile>
    <ClCompile Include="..\Source\VoxelWorld\Application\VoxelModelEditor\VoxelModelEditorComponentView.cpp">
      <Filter>Source\Application\VoxelModelEditor</Filter>
    </ClCompile>
  </ItemGroup>
  <ItemGroup>
    <ClInclude Include="..\Source\VoxelWorld\Actor\ActorModel.h">
      <Filter>Source\World\Actor</Filter>
    </ClInclude>
    <ClInclude Include="..\Source\VoxelWorld\Block\Block.h">
      <Filter>Source\World\Block</Filter>
    </ClInclude>
    <ClInclude Include="..\Source\VoxelWorld\Block\BlockInfo.h">
      <Filter>Source\World\Block</Filter>
    </ClInclude>
    <ClInclude Include="..\Source\VoxelWorld\Block\BlockInfoManager.h">
      <Filter>Source\World\Block</Filter>
    </ClInclude>
    <ClInclude Include="..\Source\VoxelWorld\Block\BlockModelBuilder.h">
      <Filter>Source\World\Block</Filter>
    </ClInclude>
    <ClInclude Include="..\Source\VoxelWorld\Collision\AABB.h">
      <Filter>Source\World\Collision</Filter>
    </ClInclude>
    <ClInclude Include="..\Source\VoxelWorld\D3DObject\BasicBuffer.h">
      <Filter>Source\D3DObject</Filter>
    </ClInclude>
    <ClInclude Include="..\Source\VoxelWorld\D3DObject\BlendState.h">
      <Filter>Source\D3DObject</Filter>
    </ClInclude>
    <ClInclude Include="..\Source\VoxelWorld\D3DObject\DepthStencilState.h">
      <Filter>Source\D3DObject</Filter>
    </ClInclude>
    <ClInclude Include="..\Source\VoxelWorld\D3DObject\InputLayout.h">
      <Filter>Source\D3DObject</Filter>
    </ClInclude>
    <ClInclude Include="..\Source\VoxelWorld\D3DObject\RasterState.h">
      <Filter>Source\D3DObject</Filter>
    </ClInclude>
    <ClInclude Include="..\Source\VoxelWorld\D3DObject\Sampler.h">
      <Filter>Source\D3DObject</Filter>
    </ClInclude>
    <ClInclude Include="..\Source\VoxelWorld\Input\InputManager.h">
      <Filter>Source\Input</Filter>
    </ClInclude>
    <ClInclude Include="..\Source\VoxelWorld\Land\OakGenerator_V0.h">
      <Filter>Source\World\LandGen\V0</Filter>
    </ClInclude>
    <ClInclude Include="..\Source\VoxelWorld\Land\LandGenerator_V0.h">
      <Filter>Source\World\LandGen\V0</Filter>
    </ClInclude>
    <ClInclude Include="..\Source\VoxelWorld\Land\V1\Biome.h">
      <Filter>Source\World\LandGen\V1</Filter>
    </ClInclude>
    <ClInclude Include="..\Source\VoxelWorld\Land\V1\Common.h">
      <Filter>Source\World\LandGen\V1</Filter>
    </ClInclude>
    <ClInclude Include="..\Source\VoxelWorld\Land\V1\LandGenerator.h">
      <Filter>Source\World\LandGen\V1</Filter>
    </ClInclude>
    <ClInclude Include="..\Source\VoxelWorld\Land\V1\PalmGenerator.h">
      <Filter>Source\World\LandGen\V1</Filter>
    </ClInclude>
    <ClInclude Include="..\Source\VoxelWorld\Land\PerlinNoise\PerlinNoise2D.h">
      <Filter>Source\World\LandGen\V1</Filter>
    </ClInclude>
    <ClInclude Include="..\Source\VoxelWorld\Land\V2\Area_V2.h">
      <Filter>Source\World\LandGen\V2</Filter>
    </ClInclude>
    <ClInclude Include="..\Source\VoxelWorld\Land\V2\Biome_V2.h">
      <Filter>Source\World\LandGen\V2</Filter>
    </ClInclude>
    <ClInclude Include="..\Source\VoxelWorld\Land\V2\Common_V2.h">
      <Filter>Source\World\LandGen\V2</Filter>
    </ClInclude>
    <ClInclude Include="..\Source\VoxelWorld\Land\V2\LandGenerator_V2.h">
      <Filter>Source\World\LandGen\V2</Filter>
    </ClInclude>
    <ClInclude Include="..\Source\VoxelWorld\Land\V2\Noise_V2.h">
      <Filter>Source\World\LandGen\V2</Filter>
    </ClInclude>
    <ClInclude Include="..\Source\VoxelWorld\Screen\Crosshair.h">
      <Filter>Source\Screen</Filter>
    </ClInclude>
    <ClInclude Include="..\Source\VoxelWorld\Screen\ImmediateScreen2D.h">
      <Filter>Source\Screen</Filter>
    </ClInclude>
    <ClInclude Include="..\Source\VoxelWorld\Texture\Texture2D.h">
      <Filter>Source\Texture</Filter>
    </ClInclude>
    <ClInclude Include="..\Source\VoxelWorld\Texture\TextureFile.h">
      <Filter>Source\Texture</Filter>
    </ClInclude>
    <ClInclude Include="..\Source\VoxelWorld\Window\Window.h">
      <Filter>Source\Window</Filter>
    </ClInclude>
    <ClInclude Include="..\Source\VoxelWorld\World\World.h">
      <Filter>Source\World</Filter>
    </ClInclude>
    <ClInclude Include="..\Source\VoxelWorld\Actor\Actor.h">
      <Filter>Source\World\Actor</Filter>
    </ClInclude>
    <ClInclude Include="..\Source\VoxelWorld\Actor\Camera.h">
      <Filter>Source\World\Actor\Camera</Filter>
    </ClInclude>
    <ClInclude Include="..\Source\VoxelWorld\Chunk\BasicRenderer.h">
      <Filter>Source\World\Chunk\Renderer</Filter>
    </ClInclude>
    <ClInclude Include="..\Source\VoxelWorld\Chunk\CarveRenderer.h">
      <Filter>Source\World\Chunk\Renderer</Filter>
    </ClInclude>
    <ClInclude Include="..\Source\VoxelWorld\Chunk\LiquidRenderer.h">
      <Filter>Source\World\Chunk\Renderer</Filter>
    </ClInclude>
    <ClInclude Include="..\Source\VoxelWorld\Chunk\RenderQueue.h">
      <Filter>Source\World\Chunk\Renderer</Filter>
    </ClInclude>
    <ClInclude Include="..\Source\VoxelWorld\Chunk\BasicModel.h">
      <Filter>Source\World\Chunk\Model</Filter>
    </ClInclude>
    <ClInclude Include="..\Source\VoxelWorld\Chunk\Model.h">
      <Filter>Source\World\Chunk\Model</Filter>
    </ClInclude>
    <ClInclude Include="..\Source\VoxelWorld\Chunk\Chunk.h">
      <Filter>Source\World\Chunk</Filter>
    </ClInclude>
    <ClInclude Include="..\Source\VoxelWorld\Chunk\ChunkDataPool.h">
      <Filter>Source\World\Chunk</Filter>
    </ClInclude>
    <ClInclude Include="..\Source\VoxelWorld\Chunk\ChunkLoader.h">
      <Filter>Source\World\Chunk</Filter>
    </ClInclude>
    <ClInclude Include="..\Source\VoxelWorld\Chunk\ChunkManager.h">
      <Filter>Source\World\Chunk</Filter>
    </ClInclude>
    <ClInclude Include="..\Source\VoxelWorld\Chunk\ChunkModelBuilder.h">
      <Filter>Source\World\Chunk</Filter>
    </ClInclude>
    <ClInclude Include="..\Source\VoxelWorld\Chunk\ChunkTraversal.h">
      <Filter>Source\World\Chunk</Filter>
    </ClInclude>
    <ClInclude Include="..\Source\VoxelWorld\Application\MainMenu\MainMenu.h">
      <Filter>Source\Application\MainMenu</Filter>
    </ClInclude>
    <ClInclude Include="..\Source\VoxelWorld\Screen\GUISystem.h">
      <Filter>Source\Screen</Filter>
    </ClInclude>
    <ClInclude Include="..\Source\VoxelWorld\Screen\imgui\imgui_impl_dx11.h">
      <Filter>Source\Screen\imgui</Filter>
    </ClInclude>
    <ClInclude Include="..\Source\VoxelWorld\D3DObject\Common.h">
      <Filter>Source\D3DObject</Filter>
    </ClInclude>
    <ClInclude Include="..\Source\VoxelWorld\Screen\imgui\imconfig.h">
      <Filter>Source\Screen\imgui</Filter>
    </ClInclude>
    <ClInclude Include="..\Source\VoxelWorld\Screen\imgui\imgui.h">
      <Filter>Source\Screen\imgui</Filter>
    </ClInclude>
    <ClInclude Include="..\Source\VoxelWorld\Screen\imgui\imgui_internal.h">
      <Filter>Source\Screen\imgui</Filter>
    </ClInclude>
    <ClInclude Include="..\Source\VoxelWorld\Screen\imgui\stb_rect_pack.h">
      <Filter>Source\Screen\imgui</Filter>
    </ClInclude>
    <ClInclude Include="..\Source\VoxelWorld\Screen\imgui\stb_textedit.h">
      <Filter>Source\Screen\imgui</Filter>
    </ClInclude>
    <ClInclude Include="..\Source\VoxelWorld\Screen\imgui\stb_truetype.h">
      <Filter>Source\Screen\imgui</Filter>
    </ClInclude>
    <ClInclude Include="..\Source\VoxelWorld\Application\Common.h">
      <Filter>Source\Application</Filter>
    </ClInclude>
    <ClInclude Include="..\Source\VoxelWorld\Application\Application.h">
      <Filter>Source\Application</Filter>
    </ClInclude>
    <ClInclude Include="..\Source\VoxelWorld\Application\Game\ChunkRendererManager.h">
      <Filter>Source\Application\Game</Filter>
    </ClInclude>
    <ClInclude Include="..\Source\VoxelWorld\Application\Game\Game.h">
      <Filter>Source\Application\Game</Filter>
    </ClInclude>
    <ClInclude Include="..\Source\VoxelWorld\Application\Game\DebugWindow.h">
      <Filter>Source\Application\Game</Filter>
    </ClInclude>
    <ClInclude Include="..\Source\VoxelWorld\Resource\ResourceNameManager.h">
      <Filter>Source\Resource</Filter>
    </ClInclude>
    <ClInclude Include="..\Source\VoxelWorld\VoxelModel\VoxelModel.h">
      <Filter>Source\VoxelModel</Filter>
    </ClInclude>
    <ClInclude Include="..\Source\VoxelWorld\VoxelModel\VoxelModelAnimationDisplayer.h">
      <Filter>Source\VoxelModel</Filter>
    </ClInclude>
    <ClInclude Include="..\Source\VoxelWorld\Application\VoxelModelEditor\VoxelModelEditor.h">
      <Filter>Source\Application\VoxelModelEditor</Filter>
    </ClInclude>
    <ClInclude Include="..\Source\VoxelWorld\Application\VoxelModelEditor\VoxelModelEditorCore.h">
      <Filter>Source\Application\VoxelModelEditor</Filter>
    </ClInclude>
    <ClInclude Include="..\Source\VoxelWorld\Application\VoxelModelEditor\VoxelModelEditorView.h">
      <Filter>Source\Application\VoxelModelEditor</Filter>
    </ClInclude>
    <ClInclude Include="..\Source\VoxelWorld\Application\VoxelModelEditor\VoxelModelEditorConsole.h">
      <Filter>Source\Application\VoxelModelEditor</Filter>
    </ClInclude>
    <ClInclude Include="..\Source\VoxelWorld\Application\VoxelModelEditor\VoxelModelEditorCommand.h">
      <Filter>Source\Application\VoxelModelEditor</Filter>
    </ClInclude>
    <ClInclude Include="..\Source\VoxelWorld\D3DObject\FrameBuffer.h">
      <Filter>Source\D3DObject</Filter>
    </ClInclude>
    <ClInclude Include="..\Source\VoxelWorld\Application\VoxelModelEditor\VoxelModelEditorComponentView.h">
      <Filter>Source\Application\VoxelModelEditor</Filter>
    </ClInclude>
    <ClInclude Include="..\Source\VoxelWorld\D3DObject\SingleBufferModel.h">
      <Filter>Source\D3DObject</Filter>
    </ClInclude>
  </ItemGroup>
  <ItemGroup>
    <Font Include="Bin\Font\DroidSans.ttf">
      <Filter>Bin\Font</Filter>
    </Font>
  </ItemGroup>
</Project>