<?xml version="1.0" encoding="utf-8"?>
<Project ToolsVersion="4.0" xmlns="http://schemas.microsoft.com/developer/msbuild/2003">
  <ItemGroup>
    <Filter Include="Source">
      <UniqueIdentifier>{93995380-89BD-4b04-88EB-625FBE52EBFB}</UniqueIdentifier>
      <Extensions>h;hh;hpp;hxx;hm;inl;inc;xsd</Extensions>
    </Filter>
    <Filter Include="Source\D3DObject">
      <UniqueIdentifier>{a0f28409-1209-462e-b7ab-eb7066722f3c}</UniqueIdentifier>
    </Filter>
    <Filter Include="Source\Input">
      <UniqueIdentifier>{bd058cdc-cf12-45d9-a465-7a1b9a7bac6e}</UniqueIdentifier>
    </Filter>
    <Filter Include="Source\Resource">
      <UniqueIdentifier>{919077a2-32d9-420d-a641-159753c13274}</UniqueIdentifier>
    </Filter>
    <Filter Include="Source\Screen">
      <UniqueIdentifier>{09101c9b-9881-4403-9e92-b0647cd1dea9}</UniqueIdentifier>
    </Filter>
    <Filter Include="Source\Texture">
      <UniqueIdentifier>{919c5b60-a32d-4ffa-b59d-2dedfdb1b3f5}</UniqueIdentifier>
    </Filter>
    <Filter Include="Source\Window">
      <UniqueIdentifier>{315dc997-3eeb-48b2-84ba-003afad2eaea}</UniqueIdentifier>
    </Filter>
    <Filter Include="Source\Screen\imgui">
      <UniqueIdentifier>{5fc3893c-849a-45ac-becb-7887325f1c37}</UniqueIdentifier>
    </Filter>
  </ItemGroup>
  <ItemGroup>
    <ClInclude Include="..\..\Source\Components\WinFramework\D3DObject\BasicBuffer.h">
      <Filter>Source\D3DObject</Filter>
    </ClInclude>
    <ClInclude Include="..\..\Source\Components\WinFramework\D3DObject\BlendState.h">
      <Filter>Source\D3DObject</Filter>
    </ClInclude>
    <ClInclude Include="..\..\Source\Components\WinFramework\D3DObject\Common.h">
      <Filter>Source\D3DObject</Filter>
    </ClInclude>
    <ClInclude Include="..\..\Source\Components\WinFramework\D3DObject\DepthStencilState.h">
      <Filter>Source\D3DObject</Filter>
    </ClInclude>
    <ClInclude Include="..\..\Source\Components\WinFramework\D3DObject\FrameBuffer.h">
      <Filter>Source\D3DObject</Filter>
    </ClInclude>
    <ClInclude Include="..\..\Source\Components\WinFramework\D3DObject\InputLayout.h">
      <Filter>Source\D3DObject</Filter>
    </ClInclude>
    <ClInclude Include="..\..\Source\Components\WinFramework\D3DObject\RasterState.h">
      <Filter>Source\D3DObject</Filter>
    </ClInclude>
    <ClInclude Include="..\..\Source\Components\WinFramework\D3DObject\Sampler.h">
      <Filter>Source\D3DObject</Filter>
    </ClInclude>
    <ClInclude Include="..\..\Source\Components\WinFramework\D3DObject\SingleBufferMesh.h">
      <Filter>Source\D3DObject</Filter>
    </ClInclude>
    <ClInclude Include="..\..\Source\Components\WinFramework\Input\InputManager.h">
      <Filter>Source\Input</Filter>
    </ClInclude>
    <ClInclude Include="..\..\Source\Components\WinFramework\Window\Window.h">
      <Filter>Source\Window</Filter>
    </ClInclude>
    <ClInclude Include="..\..\Source\Components\WinFramework\Texture\Texture2D.h">
      <Filter>Source\Texture</Filter>
    </ClInclude>
    <ClInclude Include="..\..\Source\Components\WinFramework\Texture\TextureFile.h">
      <Filter>Source\Texture</Filter>
    </ClInclude>
    <ClInclude Include="..\..\Source\Components\WinFramework\Screen\GUISystem.h">
      <Filter>Source\Screen</Filter>
    </ClInclude>
    <ClInclude Include="..\..\Source\Components\WinFramework\Screen\ImmediateScreen2D.h">
      <Filter>Source\Screen</Filter>
    </ClInclude>
    <ClInclude Include="..\..\Source\Components\WinFramework\Screen\imgui\imconfig.h">
      <Filter>Source\Screen\imgui</Filter>
    </ClInclude>
    <ClInclude Include="..\..\Source\Components\WinFramework\Screen\imgui\imgui.h">
      <Filter>Source\Screen\imgui</Filter>
    </ClInclude>
    <ClInclude Include="..\..\Source\Components\WinFramework\Screen\imgui\imgui_impl_dx11.h">
      <Filter>Source\Screen\imgui</Filter>
    </ClInclude>
    <ClInclude Include="..\..\Source\Components\WinFramework\Screen\imgui\imgui_internal.h">
      <Filter>Source\Screen\imgui</Filter>
    </ClInclude>
    <ClInclude Include="..\..\Source\Components\WinFramework\Screen\imgui\stb_rect_pack.h">
      <Filter>Source\Screen\imgui</Filter>
    </ClInclude>
    <ClInclude Include="..\..\Source\Components\WinFramework\Screen\imgui\stb_textedit.h">
      <Filter>Source\Screen\imgui</Filter>
    </ClInclude>
    <ClInclude Include="..\..\Source\Components\WinFramework\Screen\imgui\stb_truetype.h">
      <Filter>Source\Screen\imgui</Filter>
    </ClInclude>
    <ClInclude Include="..\..\Source\Components\WinFramework\Resource\ResourceNameManager.h">
      <Filter>Source\Resource</Filter>
    </ClInclude>
  </ItemGroup>
  <ItemGroup>
    <ClCompile Include="..\..\Source\Components\WinFramework\D3DObject\BlendState.cpp">
      <Filter>Source\D3DObject</Filter>
    </ClCompile>
    <ClCompile Include="..\..\Source\Components\WinFramework\D3DObject\DepthStencilState.cpp">
      <Filter>Source\D3DObject</Filter>
    </ClCompile>
    <ClCompile Include="..\..\Source\Components\WinFramework\D3DObject\FrameBuffer.cpp">
      <Filter>Source\D3DObject</Filter>
    </ClCompile>
    <ClCompile Include="..\..\Source\Components\WinFramework\D3DObject\RasterState.cpp">
      <Filter>Source\D3DObject</Filter>
    </ClCompile>
    <ClCompile Include="..\..\Source\Components\WinFramework\D3DObject\Sampler.cpp">
      <Filter>Source\D3DObject</Filter>
    </ClCompile>
    <ClCompile Include="..\..\Source\Components\WinFramework\Input\InputManager.cpp">
      <Filter>Source\Input</Filter>
    </ClCompile>
    <ClCompile Include="..\..\Source\Components\WinFramework\Window\Window.cpp">
      <Filter>Source\Window</Filter>
    </ClCompile>
    <ClCompile Include="..\..\Source\Components\WinFramework\Texture\Texture2D.cpp">
      <Filter>Source\Texture</Filter>
    </ClCompile>
    <ClCompile Include="..\..\Source\Components\WinFramework\Texture\TextureFile.cpp">
      <Filter>Source\Texture</Filter>
    </ClCompile>
    <ClCompile Include="..\..\Source\Components\WinFramework\Screen\GUISystem.cpp">
      <Filter>Source\Screen</Filter>
    </ClCompile>
    <ClCompile Include="..\..\Source\Components\WinFramework\Screen\ImmediateScreen2D.cpp">
      <Filter>Source\Screen</Filter>
    </ClCompile>
    <ClCompile Include="..\..\Source\Components\WinFramework\Screen\imgui\imgui.cpp">
      <Filter>Source\Screen\imgui</Filter>
    </ClCompile>
    <ClCompile Include="..\..\Source\Components\WinFramework\Screen\imgui\imgui_demo.cpp">
      <Filter>Source\Screen\imgui</Filter>
    </ClCompile>
    <ClCompile Include="..\..\Source\Components\WinFramework\Screen\imgui\imgui_draw.cpp">
      <Filter>Source\Screen\imgui</Filter>
    </ClCompile>
    <ClCompile Include="..\..\Source\Components\WinFramework\Screen\imgui\imgui_impl_dx11.cpp">
      <Filter>Source\Screen\imgui</Filter>
    </ClCompile>
    <ClCompile Include="..\..\Source\Components\WinFramework\Resource\ResourceNameManager.cpp">
      <Filter>Source\Resource</Filter>
    </ClCompile>
  </ItemGroup>
  <ItemGroup>
    <Text Include="..\..\Source\Components\WinFramework\Screen\imgui\LICENSE.txt">
      <Filter>Source\Screen\imgui</Filter>
    </Text>
  </ItemGroup>
</Project>